
Microsoft Visual Studio Solution File, Format Version 12.00
# Visual Studio 2013
VisualStudioVersion = 12.0.30723.0
MinimumVisualStudioVersion = 10.0.40219.1
Project("{FAE04EC0-301F-11D3-BF4B-00C04F79EFBC}") = "Nerdle.AutoConfig.Ninject", "Nerdle.AutoConfig.Ninject\Nerdle.AutoConfig.Ninject.csproj", "{8AE02A85-C6F9-4C58-A7FE-4C66940C4371}"
EndProject
Global
	GlobalSection(SolutionConfigurationPlatforms) = preSolution
		Debug|Any CPU = Debug|Any CPU
		Release|Any CPU = Release|Any CPU
	EndGlobalSection
	GlobalSection(ProjectConfigurationPlatforms) = postSolution
		{8AE02A85-C6F9-4C58-A7FE-4C66940C4371}.Debug|Any CPU.ActiveCfg = Debug|Any CPU
		{8AE02A85-C6F9-4C58-A7FE-4C66940C4371}.Debug|Any CPU.Build.0 = Debug|Any CPU
		{8AE02A85-C6F9-4C58-A7FE-4C66940C4371}.Release|Any CPU.ActiveCfg = Release|Any CPU
		{8AE02A85-C6F9-4C58-A7FE-4C66940C4371}.Release|Any CPU.Build.0 = Release|Any CPU
	EndGlobalSection
	GlobalSection(SolutionProperties) = preSolution
		HideSolutionNode = FALSE
	EndGlobalSection
EndGlobal
